
Microsoft Visual Studio Solution File, Format Version 12.00
# Visual Studio 15
VisualStudioVersion = 15.0.26430.14
MinimumVisualStudioVersion = 10.0.40219.1
Project("{2150E333-8FDC-42A3-9474-1A3956D46DE8}") = "Engine", "Engine", "{7A3AD925-DEAF-42AB-984D-457049620DC6}"
EndProject
Project("{2150E333-8FDC-42A3-9474-1A3956D46DE8}") = "Examples", "Examples", "{90BEC0DE-D2CA-4168-9E45-5D842B79B58B}"
EndProject
Project("{9A19103F-16F7-4668-BE54-9A1E7A4F7556}") = "Lang.Php.Compiler", "Lang.Php.Compiler\Lang.Php.Compiler.csproj", "{88A316A0-0CC6-486D-8323-1966CD501BF8}"
EndProject
Project("{9A19103F-16F7-4668-BE54-9A1E7A4F7556}") = "Lang.Php.Framework", "Lang.Php.Framework\Lang.Php.Framework.csproj", "{1F0D844C-80DC-45E5-92C4-3D50D67B164E}"
EndProject
Project("{9A19103F-16F7-4668-BE54-9A1E7A4F7556}") = "Lang.Php.Wp", "Extensions\Lang.Php.Wp\Lang.Php.Wp.csproj", "{D79A6A64-F00B-4EE1-80F2-7C155CC1BBE0}"
EndProject
Project("{9A19103F-16F7-4668-BE54-9A1E7A4F7556}") = "Lang.Php.Wp.Compile", "Extensions\Lang.Php.Wp.Compile\Lang.Php.Wp.Compile.csproj", "{D9FECFA8-12BB-44B6-8583-2D8A8A22EC9B}"
EndProject
Project("{9A19103F-16F7-4668-BE54-9A1E7A4F7556}") = "Lang.Cs2Php", "Lang.Cs2Php\Lang.Cs2Php.csproj", "{573007F1-9612-452C-8532-F54D18DE1724}"
EndProject
Project("{9A19103F-16F7-4668-BE54-9A1E7A4F7556}") = "Lang.Cs.Compiler", "Lang.Cs.Compiler\Lang.Cs.Compiler.csproj", "{DB0BF6B7-ADEA-496B-AF49-F4A0CD39ADA9}"
EndProject
Project("{9A19103F-16F7-4668-BE54-9A1E7A4F7556}") = "E01_HelloWorld", "_Examples\E01_HelloWorld\E01_HelloWorld.csproj", "{CB3A20F2-7912-41D1-B48F-580033692B65}"
EndProject
Project("{9A19103F-16F7-4668-BE54-9A1E7A4F7556}") = "E02_BasicFeaturesExample", "_Examples\E02_BasicFeaturesExample\E02_BasicFeaturesExample.csproj", "{67F3CCD5-0FB8-4D31-BEF9-5C617D24458B}"
EndProject
Project("{9A19103F-16F7-4668-BE54-9A1E7A4F7556}") = "Lang.Php.Mpdf", "Extensions\Lang.Php.Mpdf\Lang.Php.Mpdf.csproj", "{B17C6A4D-D985-404F-B286-7D229B388D56}"
EndProject
Project("{2150E333-8FDC-42A3-9474-1A3956D46DE8}") = "Extensions", "Extensions", "{7A921F0E-6E36-4AE7-9497-C78AA373529E}"
EndProject
Project("{9A19103F-16F7-4668-BE54-9A1E7A4F7556}") = "E03_ReferencedLibrary", "_Examples\E03_ReferencedLibrary\E03_ReferencedLibrary.csproj", "{6A6753C8-7092-4F35-ADAC-7B6E06312F22}"
EndProject
Project("{2150E333-8FDC-42A3-9474-1A3956D46DE8}") = "Test", "Test", "{B2D467BB-EED3-4DB6-9F5D-ACF1359A03F4}"
EndProject
Project("{9A19103F-16F7-4668-BE54-9A1E7A4F7556}") = "Lang.Php.Test", "Lang.Php.Test\Lang.Php.Test.csproj", "{8BE2B47E-389A-433D-BEA1-CB7655B8D1DC}"
EndProject
Project("{9A19103F-16F7-4668-BE54-9A1E7A4F7556}") = "Lang.Php.XUnitTests", "Lang.Php.XUnitTests\Lang.Php.XUnitTests.csproj", "{1BDD493E-5646-4481-B030-3FFC9851D644}"
EndProject
Project("{9A19103F-16F7-4668-BE54-9A1E7A4F7556}") = "E04_Graphics", "_Examples\E04_Graphics\E04_Graphics.csproj", "{4B7F2DC2-2B7A-495D-A309-5E1976595C5C}"
EndProject
Project("{9A19103F-16F7-4668-BE54-9A1E7A4F7556}") = "E05_Firebird", "_Examples\E05_Firebird\E05_Firebird.csproj", "{4F044D55-BD37-4AE9-9766-ABDFEA2666BC}"
EndProject
Project("{9A19103F-16F7-4668-BE54-9A1E7A4F7556}") = "WP01_BasicFeatures", "_Examples\WP01_BasicFeatures\WP01_BasicFeatures.csproj", "{4B118B73-ED81-45E8-B335-F7EB6C3EF231}"
EndProject
Project("{9A19103F-16F7-4668-BE54-9A1E7A4F7556}") = "E06_Regex", "_Examples\E06_Regex\E06_Regex.csproj", "{279B2D30-0536-4FD5-979B-1596D124FA0F}"
EndProject
Project("{9A19103F-16F7-4668-BE54-9A1E7A4F7556}") = "Lang.Php", "Lang.Php\Lang.Php.csproj", "{9ECD2EA3-6E85-44ED-9BDE-E20D6BE66C03}"
EndProject
Global
	GlobalSection(SolutionConfigurationPlatforms) = preSolution
		Debug|Any CPU = Debug|Any CPU
		Release|Any CPU = Release|Any CPU
	EndGlobalSection
	GlobalSection(ProjectConfigurationPlatforms) = postSolution
		{88A316A0-0CC6-486D-8323-1966CD501BF8}.Debug|Any CPU.ActiveCfg = Debug|Any CPU
		{88A316A0-0CC6-486D-8323-1966CD501BF8}.Debug|Any CPU.Build.0 = Debug|Any CPU
		{88A316A0-0CC6-486D-8323-1966CD501BF8}.Release|Any CPU.ActiveCfg = Release|Any CPU
		{88A316A0-0CC6-486D-8323-1966CD501BF8}.Release|Any CPU.Build.0 = Release|Any CPU
		{1F0D844C-80DC-45E5-92C4-3D50D67B164E}.Debug|Any CPU.ActiveCfg = Debug|Any CPU
		{1F0D844C-80DC-45E5-92C4-3D50D67B164E}.Debug|Any CPU.Build.0 = Debug|Any CPU
		{1F0D844C-80DC-45E5-92C4-3D50D67B164E}.Release|Any CPU.ActiveCfg = Release|Any CPU
		{1F0D844C-80DC-45E5-92C4-3D50D67B164E}.Release|Any CPU.Build.0 = Release|Any CPU
		{D79A6A64-F00B-4EE1-80F2-7C155CC1BBE0}.Debug|Any CPU.ActiveCfg = Debug|Any CPU
		{D79A6A64-F00B-4EE1-80F2-7C155CC1BBE0}.Debug|Any CPU.Build.0 = Debug|Any CPU
		{D79A6A64-F00B-4EE1-80F2-7C155CC1BBE0}.Release|Any CPU.ActiveCfg = Release|Any CPU
		{D79A6A64-F00B-4EE1-80F2-7C155CC1BBE0}.Release|Any CPU.Build.0 = Release|Any CPU
		{D9FECFA8-12BB-44B6-8583-2D8A8A22EC9B}.Debug|Any CPU.ActiveCfg = Debug|Any CPU
		{D9FECFA8-12BB-44B6-8583-2D8A8A22EC9B}.Debug|Any CPU.Build.0 = Debug|Any CPU
		{D9FECFA8-12BB-44B6-8583-2D8A8A22EC9B}.Release|Any CPU.ActiveCfg = Release|Any CPU
		{D9FECFA8-12BB-44B6-8583-2D8A8A22EC9B}.Release|Any CPU.Build.0 = Release|Any CPU
		{573007F1-9612-452C-8532-F54D18DE1724}.Debug|Any CPU.ActiveCfg = Debug|Any CPU
		{573007F1-9612-452C-8532-F54D18DE1724}.Debug|Any CPU.Build.0 = Debug|Any CPU
		{573007F1-9612-452C-8532-F54D18DE1724}.Release|Any CPU.ActiveCfg = Release|Any CPU
		{573007F1-9612-452C-8532-F54D18DE1724}.Release|Any CPU.Build.0 = Release|Any CPU
		{DB0BF6B7-ADEA-496B-AF49-F4A0CD39ADA9}.Debug|Any CPU.ActiveCfg = Debug|Any CPU
		{DB0BF6B7-ADEA-496B-AF49-F4A0CD39ADA9}.Debug|Any CPU.Build.0 = Debug|Any CPU
		{DB0BF6B7-ADEA-496B-AF49-F4A0CD39ADA9}.Release|Any CPU.ActiveCfg = Release|Any CPU
		{DB0BF6B7-ADEA-496B-AF49-F4A0CD39ADA9}.Release|Any CPU.Build.0 = Release|Any CPU
		{CB3A20F2-7912-41D1-B48F-580033692B65}.Debug|Any CPU.ActiveCfg = Debug|Any CPU
		{CB3A20F2-7912-41D1-B48F-580033692B65}.Debug|Any CPU.Build.0 = Debug|Any CPU
		{CB3A20F2-7912-41D1-B48F-580033692B65}.Release|Any CPU.ActiveCfg = Release|Any CPU
		{CB3A20F2-7912-41D1-B48F-580033692B65}.Release|Any CPU.Build.0 = Release|Any CPU
		{67F3CCD5-0FB8-4D31-BEF9-5C617D24458B}.Debug|Any CPU.ActiveCfg = Debug|Any CPU
		{67F3CCD5-0FB8-4D31-BEF9-5C617D24458B}.Debug|Any CPU.Build.0 = Debug|Any CPU
		{67F3CCD5-0FB8-4D31-BEF9-5C617D24458B}.Release|Any CPU.ActiveCfg = Release|Any CPU
		{67F3CCD5-0FB8-4D31-BEF9-5C617D24458B}.Release|Any CPU.Build.0 = Release|Any CPU
		{B17C6A4D-D985-404F-B286-7D229B388D56}.Debug|Any CPU.ActiveCfg = Debug|Any CPU
		{B17C6A4D-D985-404F-B286-7D229B388D56}.Debug|Any CPU.Build.0 = Debug|Any CPU
		{B17C6A4D-D985-404F-B286-7D229B388D56}.Release|Any CPU.ActiveCfg = Release|Any CPU
		{B17C6A4D-D985-404F-B286-7D229B388D56}.Release|Any CPU.Build.0 = Release|Any CPU
		{6A6753C8-7092-4F35-ADAC-7B6E06312F22}.Debug|Any CPU.ActiveCfg = Debug|Any CPU
		{6A6753C8-7092-4F35-ADAC-7B6E06312F22}.Debug|Any CPU.Build.0 = Debug|Any CPU
		{6A6753C8-7092-4F35-ADAC-7B6E06312F22}.Release|Any CPU.ActiveCfg = Release|Any CPU
		{6A6753C8-7092-4F35-ADAC-7B6E06312F22}.Release|Any CPU.Build.0 = Release|Any CPU
		{8BE2B47E-389A-433D-BEA1-CB7655B8D1DC}.Debug|Any CPU.ActiveCfg = Debug|Any CPU
		{8BE2B47E-389A-433D-BEA1-CB7655B8D1DC}.Debug|Any CPU.Build.0 = Debug|Any CPU
		{8BE2B47E-389A-433D-BEA1-CB7655B8D1DC}.Release|Any CPU.ActiveCfg = Release|Any CPU
		{8BE2B47E-389A-433D-BEA1-CB7655B8D1DC}.Release|Any CPU.Build.0 = Release|Any CPU
		{1BDD493E-5646-4481-B030-3FFC9851D644}.Debug|Any CPU.ActiveCfg = Debug|Any CPU
		{1BDD493E-5646-4481-B030-3FFC9851D644}.Debug|Any CPU.Build.0 = Debug|Any CPU
		{1BDD493E-5646-4481-B030-3FFC9851D644}.Release|Any CPU.ActiveCfg = Release|Any CPU
		{1BDD493E-5646-4481-B030-3FFC9851D644}.Release|Any CPU.Build.0 = Release|Any CPU
		{4B7F2DC2-2B7A-495D-A309-5E1976595C5C}.Debug|Any CPU.ActiveCfg = Debug|Any CPU
		{4B7F2DC2-2B7A-495D-A309-5E1976595C5C}.Debug|Any CPU.Build.0 = Debug|Any CPU
		{4B7F2DC2-2B7A-495D-A309-5E1976595C5C}.Release|Any CPU.ActiveCfg = Release|Any CPU
		{4B7F2DC2-2B7A-495D-A309-5E1976595C5C}.Release|Any CPU.Build.0 = Release|Any CPU
		{4F044D55-BD37-4AE9-9766-ABDFEA2666BC}.Debug|Any CPU.ActiveCfg = Debug|Any CPU
		{4F044D55-BD37-4AE9-9766-ABDFEA2666BC}.Debug|Any CPU.Build.0 = Debug|Any CPU
		{4F044D55-BD37-4AE9-9766-ABDFEA2666BC}.Release|Any CPU.ActiveCfg = Release|Any CPU
		{4F044D55-BD37-4AE9-9766-ABDFEA2666BC}.Release|Any CPU.Build.0 = Release|Any CPU
		{4B118B73-ED81-45E8-B335-F7EB6C3EF231}.Debug|Any CPU.ActiveCfg = Debug|Any CPU
		{4B118B73-ED81-45E8-B335-F7EB6C3EF231}.Debug|Any CPU.Build.0 = Debug|Any CPU
		{4B118B73-ED81-45E8-B335-F7EB6C3EF231}.Release|Any CPU.ActiveCfg = Release|Any CPU
		{4B118B73-ED81-45E8-B335-F7EB6C3EF231}.Release|Any CPU.Build.0 = Release|Any CPU
		{279B2D30-0536-4FD5-979B-1596D124FA0F}.Debug|Any CPU.ActiveCfg = Debug|Any CPU
		{279B2D30-0536-4FD5-979B-1596D124FA0F}.Debug|Any CPU.Build.0 = Debug|Any CPU
		{279B2D30-0536-4FD5-979B-1596D124FA0F}.Release|Any CPU.ActiveCfg = Release|Any CPU
		{279B2D30-0536-4FD5-979B-1596D124FA0F}.Release|Any CPU.Build.0 = Release|Any CPU
		{9ECD2EA3-6E85-44ED-9BDE-E20D6BE66C03}.Debug|Any CPU.ActiveCfg = Debug|Any CPU
		{9ECD2EA3-6E85-44ED-9BDE-E20D6BE66C03}.Debug|Any CPU.Build.0 = Debug|Any CPU
		{9ECD2EA3-6E85-44ED-9BDE-E20D6BE66C03}.Release|Any CPU.ActiveCfg = Release|Any CPU
		{9ECD2EA3-6E85-44ED-9BDE-E20D6BE66C03}.Release|Any CPU.Build.0 = Release|Any CPU
	EndGlobalSection
	GlobalSection(SolutionProperties) = preSolution
		HideSolutionNode = FALSE
	EndGlobalSection
	GlobalSection(NestedProjects) = preSolution
		{88A316A0-0CC6-486D-8323-1966CD501BF8} = {7A3AD925-DEAF-42AB-984D-457049620DC6}
		{1F0D844C-80DC-45E5-92C4-3D50D67B164E} = {7A3AD925-DEAF-42AB-984D-457049620DC6}
		{D79A6A64-F00B-4EE1-80F2-7C155CC1BBE0} = {7A921F0E-6E36-4AE7-9497-C78AA373529E}
		{D9FECFA8-12BB-44B6-8583-2D8A8A22EC9B} = {7A921F0E-6E36-4AE7-9497-C78AA373529E}
		{573007F1-9612-452C-8532-F54D18DE1724} = {7A3AD925-DEAF-42AB-984D-457049620DC6}
		{DB0BF6B7-ADEA-496B-AF49-F4A0CD39ADA9} = {7A3AD925-DEAF-42AB-984D-457049620DC6}
		{CB3A20F2-7912-41D1-B48F-580033692B65} = {90BEC0DE-D2CA-4168-9E45-5D842B79B58B}
		{67F3CCD5-0FB8-4D31-BEF9-5C617D24458B} = {90BEC0DE-D2CA-4168-9E45-5D842B79B58B}
		{B17C6A4D-D985-404F-B286-7D229B388D56} = {7A921F0E-6E36-4AE7-9497-C78AA373529E}
		{6A6753C8-7092-4F35-ADAC-7B6E06312F22} = {90BEC0DE-D2CA-4168-9E45-5D842B79B58B}
		{8BE2B47E-389A-433D-BEA1-CB7655B8D1DC} = {B2D467BB-EED3-4DB6-9F5D-ACF1359A03F4}
		{1BDD493E-5646-4481-B030-3FFC9851D644} = {B2D467BB-EED3-4DB6-9F5D-ACF1359A03F4}
		{4B7F2DC2-2B7A-495D-A309-5E1976595C5C} = {90BEC0DE-D2CA-4168-9E45-5D842B79B58B}
		{4F044D55-BD37-4AE9-9766-ABDFEA2666BC} = {90BEC0DE-D2CA-4168-9E45-5D842B79B58B}
		{4B118B73-ED81-45E8-B335-F7EB6C3EF231} = {90BEC0DE-D2CA-4168-9E45-5D842B79B58B}
		{279B2D30-0536-4FD5-979B-1596D124FA0F} = {90BEC0DE-D2CA-4168-9E45-5D842B79B58B}
		{9ECD2EA3-6E85-44ED-9BDE-E20D6BE66C03} = {7A3AD925-DEAF-42AB-984D-457049620DC6}
	EndGlobalSection
	GlobalSection(ExtensibilityGlobals) = postSolution
		SolutionGuid = {D4817784-801E-4E8D-B1E7-96B6C4590191}
	EndGlobalSection
EndGlobal
